// !$*UTF8*$!
{
	archiveVersion = 1;
	classes = {
	};
	objectVersion = 50;
	objects = {

/* Begin PBXBuildFile section */
		1C1AA4D8227A2D03009802C5 /* DeprecatedOnboardingFlowController.swift in Sources */ = {isa = PBXBuildFile; fileRef = 1C1AA4D7227A2D03009802C5 /* DeprecatedOnboardingFlowController.swift */; };
		1C1AA4DA227A2EAA009802C5 /* lorem.jpg in Resources */ = {isa = PBXBuildFile; fileRef = 1C1AA4D9227A2EAA009802C5 /* lorem.jpg */; };
		1C21B58B22A36C1000FF9C97 /* LinksModalContainerView.xib in Resources */ = {isa = PBXBuildFile; fileRef = 1C21B58A22A36C1000FF9C97 /* LinksModalContainerView.xib */; };
		1C21B58D22A36C2A00FF9C97 /* LinksModalContainerView.swift in Sources */ = {isa = PBXBuildFile; fileRef = 1C21B58C22A36C2A00FF9C97 /* LinksModalContainerView.swift */; };
		1C226183227AA8E50072A638 /* DeprecatedOnboardingFlowController+Extension.swift in Sources */ = {isa = PBXBuildFile; fileRef = 1C226182227AA8E50072A638 /* DeprecatedOnboardingFlowController+Extension.swift */; };
		1C226186227AB0090072A638 /* User.swift in Sources */ = {isa = PBXBuildFile; fileRef = 1C226185227AB0090072A638 /* User.swift */; };
		1C31230622F8701700E4B112 /* OnboardingPageViewController.swift in Sources */ = {isa = PBXBuildFile; fileRef = 1C31230522F8701700E4B112 /* OnboardingPageViewController.swift */; };
		1C31230822F944ED00E4B112 /* OnboardingViewController.swift in Sources */ = {isa = PBXBuildFile; fileRef = 1C31230722F944ED00E4B112 /* OnboardingViewController.swift */; };
		1C326A482269AAC300E09F99 /* lock.json in Resources */ = {isa = PBXBuildFile; fileRef = 1C326A472269AAC300E09F99 /* lock.json */; };
		1C41139B228C9F9900CBBCFB /* downArrow.jpg in Resources */ = {isa = PBXBuildFile; fileRef = 1C41139A228C9F9900CBBCFB /* downArrow.jpg */; };
		1C41139D228D012100CBBCFB /* down-1.png in Resources */ = {isa = PBXBuildFile; fileRef = 1C41139C228D012100CBBCFB /* down-1.png */; };
		1C41139F228D03E600CBBCFB /* loading.json in Resources */ = {isa = PBXBuildFile; fileRef = 1C41139E228D03E600CBBCFB /* loading.json */; };
		1C4113A1228D04D500CBBCFB /* success.json in Resources */ = {isa = PBXBuildFile; fileRef = 1C4113A0228D04D500CBBCFB /* success.json */; };
		1C4113A3228D0D9F00CBBCFB /* office.json in Resources */ = {isa = PBXBuildFile; fileRef = 1C4113A2228D0D9F00CBBCFB /* office.json */; };
		1C45F7B222A83FFD00494FB4 /* Protocols.swift in Sources */ = {isa = PBXBuildFile; fileRef = 1C45F7B122A83FFC00494FB4 /* Protocols.swift */; };
		1C45F7B422A9977200494FB4 /* progress.json in Resources */ = {isa = PBXBuildFile; fileRef = 1C45F7B322A9977200494FB4 /* progress.json */; };
		1C45F7B622AA20ED00494FB4 /* SignUpView.swift in Sources */ = {isa = PBXBuildFile; fileRef = 1C45F7B522AA20ED00494FB4 /* SignUpView.swift */; };
		1C45F7B822AA211E00494FB4 /* SignUpView.xib in Resources */ = {isa = PBXBuildFile; fileRef = 1C45F7B722AA211E00494FB4 /* SignUpView.xib */; };
		1C45F7BA22AA230F00494FB4 /* lego.json in Resources */ = {isa = PBXBuildFile; fileRef = 1C45F7B922AA230F00494FB4 /* lego.json */; };
		1C6FCB33228A1DB5000BC75A /* PlayfairDisplay-Black.ttf in Resources */ = {isa = PBXBuildFile; fileRef = 1C6FCB2D228A1CBD000BC75A /* PlayfairDisplay-Black.ttf */; };
		1C6FCB34228A1DB5000BC75A /* PlayfairDisplay-BlackItalic.ttf in Resources */ = {isa = PBXBuildFile; fileRef = 1C6FCB2E228A1CBD000BC75A /* PlayfairDisplay-BlackItalic.ttf */; };
		1C6FCB35228A1DB5000BC75A /* PlayfairDisplay-Bold.ttf in Resources */ = {isa = PBXBuildFile; fileRef = 1C6FCB32228A1CBF000BC75A /* PlayfairDisplay-Bold.ttf */; };
		1C6FCB36228A1DB5000BC75A /* PlayfairDisplay-BoldItalic.ttf in Resources */ = {isa = PBXBuildFile; fileRef = 1C6FCB2F228A1CBD000BC75A /* PlayfairDisplay-BoldItalic.ttf */; };
		1C6FCB37228A1DB5000BC75A /* PlayfairDisplay-Italic.ttf in Resources */ = {isa = PBXBuildFile; fileRef = 1C6FCB31228A1CBE000BC75A /* PlayfairDisplay-Italic.ttf */; };
		1C6FCB38228A1DB5000BC75A /* PlayfairDisplay-Regular.ttf in Resources */ = {isa = PBXBuildFile; fileRef = 1C6FCB30228A1CBD000BC75A /* PlayfairDisplay-Regular.ttf */; };
		1C6FCB3B228B34DE000BC75A /* FirstOnboardingScreen.xib in Resources */ = {isa = PBXBuildFile; fileRef = 1C6FCB3A228B34DE000BC75A /* FirstOnboardingScreen.xib */; };
		1C6FCB3D228B34F5000BC75A /* FirstOnboardingScreen.swift in Sources */ = {isa = PBXBuildFile; fileRef = 1C6FCB3C228B34F5000BC75A /* FirstOnboardingScreen.swift */; };
		1C6FCB3F228B36D1000BC75A /* FirstOnboardingController.swift in Sources */ = {isa = PBXBuildFile; fileRef = 1C6FCB3E228B36D1000BC75A /* FirstOnboardingController.swift */; };
		1C75417C2268E6680038D0E1 /* LaunchScreenController+Extension.swift in Sources */ = {isa = PBXBuildFile; fileRef = 1C75417B2268E6680038D0E1 /* LaunchScreenController+Extension.swift */; };
		1C83F429227BCC2900BEA884 /* EndpointType.swift in Sources */ = {isa = PBXBuildFile; fileRef = 1C83F428227BCC2900BEA884 /* EndpointType.swift */; };
		1C83F42B227BCC8500BEA884 /* HTTPTask.swift in Sources */ = {isa = PBXBuildFile; fileRef = 1C83F42A227BCC8500BEA884 /* HTTPTask.swift */; };
		1C83F42E227BCDC100BEA884 /* Errors.swift in Sources */ = {isa = PBXBuildFile; fileRef = 1C83F42D227BCDC100BEA884 /* Errors.swift */; };
		1C83F430227BCDE200BEA884 /* NetworkRouter.swift in Sources */ = {isa = PBXBuildFile; fileRef = 1C83F42F227BCDE200BEA884 /* NetworkRouter.swift */; };
		1C83F432227BCE8100BEA884 /* Router.swift in Sources */ = {isa = PBXBuildFile; fileRef = 1C83F431227BCE8100BEA884 /* Router.swift */; };
		1C83F434227BCEEB00BEA884 /* JSONParameterEncoder.swift in Sources */ = {isa = PBXBuildFile; fileRef = 1C83F433227BCEEB00BEA884 /* JSONParameterEncoder.swift */; };
		1C83F436227BCEF400BEA884 /* URLParameterEncoder.swift in Sources */ = {isa = PBXBuildFile; fileRef = 1C83F435227BCEF400BEA884 /* URLParameterEncoder.swift */; };
		1C83F438227BDB0500BEA884 /* NetworkManager.swift in Sources */ = {isa = PBXBuildFile; fileRef = 1C83F437227BDB0500BEA884 /* NetworkManager.swift */; };
		1C83F43A227BDB2800BEA884 /* UserAccess.swift in Sources */ = {isa = PBXBuildFile; fileRef = 1C83F439227BDB2800BEA884 /* UserAccess.swift */; };
		1C83F43C227BE03100BEA884 /* HTTPMethods.swift in Sources */ = {isa = PBXBuildFile; fileRef = 1C83F43B227BE03100BEA884 /* HTTPMethods.swift */; };
		1C83F43E227CD0AD00BEA884 /* PulsatingButton.swift in Sources */ = {isa = PBXBuildFile; fileRef = 1C83F43D227CD0AD00BEA884 /* PulsatingButton.swift */; };
		1C83F4782280C64800BEA884 /* UIView+Layout.swift in Sources */ = {isa = PBXBuildFile; fileRef = 1C83F4772280C64800BEA884 /* UIView+Layout.swift */; };
		1CA0F7CC229DF2C700089583 /* SecondOnboardingScreen.xib in Resources */ = {isa = PBXBuildFile; fileRef = 1CA0F7CB229DF2C700089583 /* SecondOnboardingScreen.xib */; };
		1CA0F7CE229DF2D600089583 /* SecondOnboardingScreen.swift in Sources */ = {isa = PBXBuildFile; fileRef = 1CA0F7CD229DF2D600089583 /* SecondOnboardingScreen.swift */; };
		1CA0F7D8229E110900089583 /* SecondOnboardingScreenCollectionView+Extension.swift in Sources */ = {isa = PBXBuildFile; fileRef = 1CA0F7D7229E110900089583 /* SecondOnboardingScreenCollectionView+Extension.swift */; };
		1CA0F7E0229EDA8800089583 /* LanguagesCollectionViewCell.xib in Resources */ = {isa = PBXBuildFile; fileRef = 1CA0F7DF229EDA8800089583 /* LanguagesCollectionViewCell.xib */; };
		1CA0F7E2229EDB3A00089583 /* LanguagesCollectionViewCell.swift in Sources */ = {isa = PBXBuildFile; fileRef = 1CA0F7E1229EDB3A00089583 /* LanguagesCollectionViewCell.swift */; };
		1CA0F7E4229F0D1E00089583 /* HelperFunctions.swift in Sources */ = {isa = PBXBuildFile; fileRef = 1CA0F7E3229F0D1E00089583 /* HelperFunctions.swift */; };
		1CA0F7E622A07A0E00089583 /* ThirdOnboardingScreen.swift in Sources */ = {isa = PBXBuildFile; fileRef = 1CA0F7E522A07A0E00089583 /* ThirdOnboardingScreen.swift */; };
		1CA0F7E822A07A6400089583 /* ThirdOnboardingScreen.xib in Resources */ = {isa = PBXBuildFile; fileRef = 1CA0F7E722A07A6400089583 /* ThirdOnboardingScreen.xib */; };
		1CA0F7EA22A07B9A00089583 /* LinksCollectionViewCell.xib in Resources */ = {isa = PBXBuildFile; fileRef = 1CA0F7E922A07B9A00089583 /* LinksCollectionViewCell.xib */; };
		1CA0F7EC22A07D8900089583 /* LinksCollectionViewCell.swift in Sources */ = {isa = PBXBuildFile; fileRef = 1CA0F7EB22A07D8900089583 /* LinksCollectionViewCell.swift */; };
		1CA0F7EE22A0811600089583 /* ThirdOnboardingScreen+CollectionViewExtension.swift in Sources */ = {isa = PBXBuildFile; fileRef = 1CA0F7ED22A0811600089583 /* ThirdOnboardingScreen+CollectionViewExtension.swift */; };
		1CA0F7F022A082CC00089583 /* SecondOnboardingController.swift in Sources */ = {isa = PBXBuildFile; fileRef = 1CA0F7EF22A082CC00089583 /* SecondOnboardingController.swift */; };
		1CA0F7F222A0BEFC00089583 /* LinksModalView.xib in Resources */ = {isa = PBXBuildFile; fileRef = 1CA0F7F122A0BEFC00089583 /* LinksModalView.xib */; };
		1CA0F7F422A0BF0A00089583 /* LinksModalView.swift in Sources */ = {isa = PBXBuildFile; fileRef = 1CA0F7F322A0BF0A00089583 /* LinksModalView.swift */; };
		1CB0349C22F6090F00EFCC65 /* MainCoordinator.swift in Sources */ = {isa = PBXBuildFile; fileRef = 1CB0349B22F6090F00EFCC65 /* MainCoordinator.swift */; };
		1CB0349E22F6091F00EFCC65 /* CoordinatorProtocol.swift in Sources */ = {isa = PBXBuildFile; fileRef = 1CB0349D22F6091F00EFCC65 /* CoordinatorProtocol.swift */; };
		1CB034A022F6121300EFCC65 /* CreateAccountViewController.swift in Sources */ = {isa = PBXBuildFile; fileRef = 1CB0349F22F6121300EFCC65 /* CreateAccountViewController.swift */; };
		1CB034A222F6122900EFCC65 /* CreateAccountView.swift in Sources */ = {isa = PBXBuildFile; fileRef = 1CB034A122F6122900EFCC65 /* CreateAccountView.swift */; };
		1CB034A622F653D100EFCC65 /* UIFont+Extension.swift in Sources */ = {isa = PBXBuildFile; fileRef = 1CB034A522F653D100EFCC65 /* UIFont+Extension.swift */; };
		1CB034DD22F6573200EFCC65 /* Poppins-BlackItalic.ttf in Resources */ = {isa = PBXBuildFile; fileRef = 1CB034D522F6572A00EFCC65 /* Poppins-BlackItalic.ttf */; };
		1CB034DE22F6573200EFCC65 /* Poppins-BoldItalic.ttf in Resources */ = {isa = PBXBuildFile; fileRef = 1CB034DA22F6572B00EFCC65 /* Poppins-BoldItalic.ttf */; };
		1CB034DF22F6573200EFCC65 /* Poppins-ExtraBold.ttf in Resources */ = {isa = PBXBuildFile; fileRef = 1CB034DB22F6572B00EFCC65 /* Poppins-ExtraBold.ttf */; };
		1CB034E022F6573200EFCC65 /* Poppins-ExtraBoldItalic.ttf in Resources */ = {isa = PBXBuildFile; fileRef = 1CB034D322F6572A00EFCC65 /* Poppins-ExtraBoldItalic.ttf */; };
		1CB034E122F6573200EFCC65 /* Poppins-ExtraLight.ttf in Resources */ = {isa = PBXBuildFile; fileRef = 1CB034D822F6572B00EFCC65 /* Poppins-ExtraLight.ttf */; };
		1CB034E222F6573200EFCC65 /* Poppins-ExtraLightItalic.ttf in Resources */ = {isa = PBXBuildFile; fileRef = 1CB034D422F6572A00EFCC65 /* Poppins-ExtraLightItalic.ttf */; };
		1CB034E322F6573200EFCC65 /* Poppins-Light.ttf in Resources */ = {isa = PBXBuildFile; fileRef = 1CB034D722F6572B00EFCC65 /* Poppins-Light.ttf */; };
		1CB034E422F6573200EFCC65 /* Poppins-Medium.ttf in Resources */ = {isa = PBXBuildFile; fileRef = 1CB034D922F6572B00EFCC65 /* Poppins-Medium.ttf */; };
		1CB034E522F6573200EFCC65 /* Poppins-SemiBoldItalic.ttf in Resources */ = {isa = PBXBuildFile; fileRef = 1CB034DC22F6572B00EFCC65 /* Poppins-SemiBoldItalic.ttf */; };
		1CB034E622F6573200EFCC65 /* Poppins-ThinItalic.ttf in Resources */ = {isa = PBXBuildFile; fileRef = 1CB034D622F6572A00EFCC65 /* Poppins-ThinItalic.ttf */; };
		1CB034F022F6574300EFCC65 /* Poppins-Black.ttf in Resources */ = {isa = PBXBuildFile; fileRef = 1CB034E722F6574200EFCC65 /* Poppins-Black.ttf */; };
		1CB034F122F6574300EFCC65 /* Poppins-Bold.ttf in Resources */ = {isa = PBXBuildFile; fileRef = 1CB034E822F6574200EFCC65 /* Poppins-Bold.ttf */; };
		1CB034F222F6574300EFCC65 /* Poppins-Regular.ttf in Resources */ = {isa = PBXBuildFile; fileRef = 1CB034E922F6574200EFCC65 /* Poppins-Regular.ttf */; };
		1CB034F322F6574300EFCC65 /* Poppins-SemiBold.ttf in Resources */ = {isa = PBXBuildFile; fileRef = 1CB034EA22F6574200EFCC65 /* Poppins-SemiBold.ttf */; };
		1CB034F522F6574300EFCC65 /* Poppins-LightItalic.ttf in Resources */ = {isa = PBXBuildFile; fileRef = 1CB034EC22F6574300EFCC65 /* Poppins-LightItalic.ttf */; };
		1CB034F622F6574300EFCC65 /* Poppins-Italic.ttf in Resources */ = {isa = PBXBuildFile; fileRef = 1CB034ED22F6574300EFCC65 /* Poppins-Italic.ttf */; };
		1CB034F722F6574300EFCC65 /* Poppins-Thin.ttf in Resources */ = {isa = PBXBuildFile; fileRef = 1CB034EE22F6574300EFCC65 /* Poppins-Thin.ttf */; };
		1CB034F822F6574300EFCC65 /* Poppins-MediumItalic.ttf in Resources */ = {isa = PBXBuildFile; fileRef = 1CB034EF22F6574300EFCC65 /* Poppins-MediumItalic.ttf */; };
		1CB034FA22F69A3B00EFCC65 /* TouchableBounceView.swift in Sources */ = {isa = PBXBuildFile; fileRef = 1CB034F922F69A3B00EFCC65 /* TouchableBounceView.swift */; };
		1CCCC1A32267874E0012DA75 /* AppDelegate.swift in Sources */ = {isa = PBXBuildFile; fileRef = 1CCCC1A22267874E0012DA75 /* AppDelegate.swift */; };
		1CCCC1A52267874E0012DA75 /* LaunchScreenController.swift in Sources */ = {isa = PBXBuildFile; fileRef = 1CCCC1A42267874E0012DA75 /* LaunchScreenController.swift */; };
		1CCCC1A82267874E0012DA75 /* Main.storyboard in Resources */ = {isa = PBXBuildFile; fileRef = 1CCCC1A62267874E0012DA75 /* Main.storyboard */; };
		1CCCC1AB2267874E0012DA75 /* Granite_Revisited_.xcdatamodeld in Sources */ = {isa = PBXBuildFile; fileRef = 1CCCC1A92267874E0012DA75 /* Granite_Revisited_.xcdatamodeld */; };
		1CCCC1AD226787500012DA75 /* Assets.xcassets in Resources */ = {isa = PBXBuildFile; fileRef = 1CCCC1AC226787500012DA75 /* Assets.xcassets */; };
		1CCCC1B0226787500012DA75 /* LaunchScreen.storyboard in Resources */ = {isa = PBXBuildFile; fileRef = 1CCCC1AE226787500012DA75 /* LaunchScreen.storyboard */; };
		1CCCC1BB226787500012DA75 /* Granite_Revisited_Tests.swift in Sources */ = {isa = PBXBuildFile; fileRef = 1CCCC1BA226787500012DA75 /* Granite_Revisited_Tests.swift */; };
		1CCCC1D022678A750012DA75 /* launchAnimation.json in Resources */ = {isa = PBXBuildFile; fileRef = 1CCCC1CF22678A750012DA75 /* launchAnimation.json */; };
		1CCCC1D3226797ED0012DA75 /* UIColor+Extension.swift in Sources */ = {isa = PBXBuildFile; fileRef = 1CCCC1D2226797ED0012DA75 /* UIColor+Extension.swift */; };
		1CCCC1D52267CD340012DA75 /* LoginView.swift in Sources */ = {isa = PBXBuildFile; fileRef = 1CCCC1D42267CD340012DA75 /* LoginView.swift */; };
		1CCCC1D72267CD3F0012DA75 /* LoginView.xib in Resources */ = {isa = PBXBuildFile; fileRef = 1CCCC1D62267CD3F0012DA75 /* LoginView.xib */; };
		1CCCC1D92267CFFE0012DA75 /* LogInViewController.swift in Sources */ = {isa = PBXBuildFile; fileRef = 1CCCC1D82267CFFE0012DA75 /* LogInViewController.swift */; };
		1CCCC1DB2267D26D0012DA75 /* LoginViewExtension.swift in Sources */ = {isa = PBXBuildFile; fileRef = 1CCCC1DA2267D26D0012DA75 /* LoginViewExtension.swift */; };
		1CCCC1DD2267D7F00012DA75 /* paperPlane.json in Resources */ = {isa = PBXBuildFile; fileRef = 1CCCC1DC2267D7F00012DA75 /* paperPlane.json */; };
		1CCCC1DF2267D8AC0012DA75 /* lazyNight.json in Resources */ = {isa = PBXBuildFile; fileRef = 1CCCC1DE2267D8AC0012DA75 /* lazyNight.json */; };
		1CFDB43A22F9F3A400F9228E /* ThirdOnboardingController.swift in Sources */ = {isa = PBXBuildFile; fileRef = 1CFDB43922F9F3A400F9228E /* ThirdOnboardingController.swift */; };
		3976AD8F7A28E77D632467A6 /* Pods_Granite_Revisited_.framework in Frameworks */ = {isa = PBXBuildFile; fileRef = BA90B3489A0C4D9EEF06640D /* Pods_Granite_Revisited_.framework */; };
		B8CE4BD28BC36E1E373B29F7 /* Pods_Granite_Revisited_Tests.framework in Frameworks */ = {isa = PBXBuildFile; fileRef = DBCEA62147E5CE8310AFF610 /* Pods_Granite_Revisited_Tests.framework */; };
/* End PBXBuildFile section */

/* Begin PBXContainerItemProxy section */
		1CCCC1B7226787500012DA75 /* PBXContainerItemProxy */ = {
			isa = PBXContainerItemProxy;
			containerPortal = 1CCCC1972267874E0012DA75 /* Project object */;
			proxyType = 1;
			remoteGlobalIDString = 1CCCC19E2267874E0012DA75;
			remoteInfo = "Granite(Revisited)";
		};
/* End PBXContainerItemProxy section */

/* Begin PBXFileReference section */
		1C1AA4D7227A2D03009802C5 /* DeprecatedOnboardingFlowController.swift */ = {isa = PBXFileReference; lastKnownFileType = sourcecode.swift; path = DeprecatedOnboardingFlowController.swift; sourceTree = "<group>"; };
		1C1AA4D9227A2EAA009802C5 /* lorem.jpg */ = {isa = PBXFileReference; lastKnownFileType = image.jpeg; path = lorem.jpg; sourceTree = "<group>"; };
		1C21B58A22A36C1000FF9C97 /* LinksModalContainerView.xib */ = {isa = PBXFileReference; lastKnownFileType = file.xib; path = LinksModalContainerView.xib; sourceTree = "<group>"; };
		1C21B58C22A36C2A00FF9C97 /* LinksModalContainerView.swift */ = {isa = PBXFileReference; lastKnownFileType = sourcecode.swift; path = LinksModalContainerView.swift; sourceTree = "<group>"; };
		1C226182227AA8E50072A638 /* DeprecatedOnboardingFlowController+Extension.swift */ = {isa = PBXFileReference; lastKnownFileType = sourcecode.swift; path = "DeprecatedOnboardingFlowController+Extension.swift"; sourceTree = "<group>"; };
		1C226185227AB0090072A638 /* User.swift */ = {isa = PBXFileReference; lastKnownFileType = sourcecode.swift; path = User.swift; sourceTree = "<group>"; };
		1C31230522F8701700E4B112 /* OnboardingPageViewController.swift */ = {isa = PBXFileReference; lastKnownFileType = sourcecode.swift; path = OnboardingPageViewController.swift; sourceTree = "<group>"; };
		1C31230722F944ED00E4B112 /* OnboardingViewController.swift */ = {isa = PBXFileReference; lastKnownFileType = sourcecode.swift; path = OnboardingViewController.swift; sourceTree = "<group>"; };
		1C326A472269AAC300E09F99 /* lock.json */ = {isa = PBXFileReference; fileEncoding = 4; lastKnownFileType = text.json; path = lock.json; sourceTree = "<group>"; };
		1C41139A228C9F9900CBBCFB /* downArrow.jpg */ = {isa = PBXFileReference; lastKnownFileType = image.jpeg; path = downArrow.jpg; sourceTree = "<group>"; };
		1C41139C228D012100CBBCFB /* down-1.png */ = {isa = PBXFileReference; lastKnownFileType = image.png; path = "down-1.png"; sourceTree = "<group>"; };
		1C41139E228D03E600CBBCFB /* loading.json */ = {isa = PBXFileReference; fileEncoding = 4; lastKnownFileType = text.json; path = loading.json; sourceTree = "<group>"; };
		1C4113A0228D04D500CBBCFB /* success.json */ = {isa = PBXFileReference; fileEncoding = 4; lastKnownFileType = text.json; path = success.json; sourceTree = "<group>"; };
		1C4113A2228D0D9F00CBBCFB /* office.json */ = {isa = PBXFileReference; fileEncoding = 4; lastKnownFileType = text.json; path = office.json; sourceTree = "<group>"; };
		1C45F7B122A83FFC00494FB4 /* Protocols.swift */ = {isa = PBXFileReference; lastKnownFileType = sourcecode.swift; path = Protocols.swift; sourceTree = "<group>"; };
		1C45F7B322A9977200494FB4 /* progress.json */ = {isa = PBXFileReference; fileEncoding = 4; lastKnownFileType = text.json; path = progress.json; sourceTree = "<group>"; };
		1C45F7B522AA20ED00494FB4 /* SignUpView.swift */ = {isa = PBXFileReference; lastKnownFileType = sourcecode.swift; path = SignUpView.swift; sourceTree = "<group>"; };
		1C45F7B722AA211E00494FB4 /* SignUpView.xib */ = {isa = PBXFileReference; lastKnownFileType = file.xib; path = SignUpView.xib; sourceTree = "<group>"; };
		1C45F7B922AA230F00494FB4 /* lego.json */ = {isa = PBXFileReference; fileEncoding = 4; lastKnownFileType = text.json; path = lego.json; sourceTree = "<group>"; };
		1C6FCB2D228A1CBD000BC75A /* PlayfairDisplay-Black.ttf */ = {isa = PBXFileReference; lastKnownFileType = file; path = "PlayfairDisplay-Black.ttf"; sourceTree = "<group>"; };
		1C6FCB2E228A1CBD000BC75A /* PlayfairDisplay-BlackItalic.ttf */ = {isa = PBXFileReference; lastKnownFileType = file; path = "PlayfairDisplay-BlackItalic.ttf"; sourceTree = "<group>"; };
		1C6FCB2F228A1CBD000BC75A /* PlayfairDisplay-BoldItalic.ttf */ = {isa = PBXFileReference; lastKnownFileType = file; path = "PlayfairDisplay-BoldItalic.ttf"; sourceTree = "<group>"; };
		1C6FCB30228A1CBD000BC75A /* PlayfairDisplay-Regular.ttf */ = {isa = PBXFileReference; lastKnownFileType = file; path = "PlayfairDisplay-Regular.ttf"; sourceTree = "<group>"; };
		1C6FCB31228A1CBE000BC75A /* PlayfairDisplay-Italic.ttf */ = {isa = PBXFileReference; lastKnownFileType = file; path = "PlayfairDisplay-Italic.ttf"; sourceTree = "<group>"; };
		1C6FCB32228A1CBF000BC75A /* PlayfairDisplay-Bold.ttf */ = {isa = PBXFileReference; lastKnownFileType = file; path = "PlayfairDisplay-Bold.ttf"; sourceTree = "<group>"; };
		1C6FCB3A228B34DE000BC75A /* FirstOnboardingScreen.xib */ = {isa = PBXFileReference; lastKnownFileType = file.xib; path = FirstOnboardingScreen.xib; sourceTree = "<group>"; };
		1C6FCB3C228B34F5000BC75A /* FirstOnboardingScreen.swift */ = {isa = PBXFileReference; lastKnownFileType = sourcecode.swift; path = FirstOnboardingScreen.swift; sourceTree = "<group>"; };
		1C6FCB3E228B36D1000BC75A /* FirstOnboardingController.swift */ = {isa = PBXFileReference; lastKnownFileType = sourcecode.swift; path = FirstOnboardingController.swift; sourceTree = "<group>"; };
		1C75417B2268E6680038D0E1 /* LaunchScreenController+Extension.swift */ = {isa = PBXFileReference; lastKnownFileType = sourcecode.swift; path = "LaunchScreenController+Extension.swift"; sourceTree = "<group>"; };
		1C83F428227BCC2900BEA884 /* EndpointType.swift */ = {isa = PBXFileReference; lastKnownFileType = sourcecode.swift; path = EndpointType.swift; sourceTree = "<group>"; };
		1C83F42A227BCC8500BEA884 /* HTTPTask.swift */ = {isa = PBXFileReference; lastKnownFileType = sourcecode.swift; path = HTTPTask.swift; sourceTree = "<group>"; };
		1C83F42D227BCDC100BEA884 /* Errors.swift */ = {isa = PBXFileReference; lastKnownFileType = sourcecode.swift; path = Errors.swift; sourceTree = "<group>"; };
		1C83F42F227BCDE200BEA884 /* NetworkRouter.swift */ = {isa = PBXFileReference; lastKnownFileType = sourcecode.swift; path = NetworkRouter.swift; sourceTree = "<group>"; };
		1C83F431227BCE8100BEA884 /* Router.swift */ = {isa = PBXFileReference; lastKnownFileType = sourcecode.swift; path = Router.swift; sourceTree = "<group>"; };
		1C83F433227BCEEB00BEA884 /* JSONParameterEncoder.swift */ = {isa = PBXFileReference; lastKnownFileType = sourcecode.swift; path = JSONParameterEncoder.swift; sourceTree = "<group>"; };
		1C83F435227BCEF400BEA884 /* URLParameterEncoder.swift */ = {isa = PBXFileReference; lastKnownFileType = sourcecode.swift; path = URLParameterEncoder.swift; sourceTree = "<group>"; };
		1C83F437227BDB0500BEA884 /* NetworkManager.swift */ = {isa = PBXFileReference; lastKnownFileType = sourcecode.swift; path = NetworkManager.swift; sourceTree = "<group>"; };
		1C83F439227BDB2800BEA884 /* UserAccess.swift */ = {isa = PBXFileReference; lastKnownFileType = sourcecode.swift; path = UserAccess.swift; sourceTree = "<group>"; };
		1C83F43B227BE03100BEA884 /* HTTPMethods.swift */ = {isa = PBXFileReference; lastKnownFileType = sourcecode.swift; path = HTTPMethods.swift; sourceTree = "<group>"; };
		1C83F43D227CD0AD00BEA884 /* PulsatingButton.swift */ = {isa = PBXFileReference; lastKnownFileType = sourcecode.swift; path = PulsatingButton.swift; sourceTree = "<group>"; };
		1C83F4772280C64800BEA884 /* UIView+Layout.swift */ = {isa = PBXFileReference; lastKnownFileType = sourcecode.swift; path = "UIView+Layout.swift"; sourceTree = "<group>"; };
		1CA0F7CB229DF2C700089583 /* SecondOnboardingScreen.xib */ = {isa = PBXFileReference; lastKnownFileType = file.xib; path = SecondOnboardingScreen.xib; sourceTree = "<group>"; };
		1CA0F7CD229DF2D600089583 /* SecondOnboardingScreen.swift */ = {isa = PBXFileReference; lastKnownFileType = sourcecode.swift; path = SecondOnboardingScreen.swift; sourceTree = "<group>"; };
		1CA0F7D7229E110900089583 /* SecondOnboardingScreenCollectionView+Extension.swift */ = {isa = PBXFileReference; lastKnownFileType = sourcecode.swift; path = "SecondOnboardingScreenCollectionView+Extension.swift"; sourceTree = "<group>"; };
		1CA0F7DF229EDA8800089583 /* LanguagesCollectionViewCell.xib */ = {isa = PBXFileReference; lastKnownFileType = file.xib; path = LanguagesCollectionViewCell.xib; sourceTree = "<group>"; };
		1CA0F7E1229EDB3A00089583 /* LanguagesCollectionViewCell.swift */ = {isa = PBXFileReference; lastKnownFileType = sourcecode.swift; path = LanguagesCollectionViewCell.swift; sourceTree = "<group>"; };
		1CA0F7E3229F0D1E00089583 /* HelperFunctions.swift */ = {isa = PBXFileReference; lastKnownFileType = sourcecode.swift; path = HelperFunctions.swift; sourceTree = "<group>"; };
		1CA0F7E522A07A0E00089583 /* ThirdOnboardingScreen.swift */ = {isa = PBXFileReference; lastKnownFileType = sourcecode.swift; path = ThirdOnboardingScreen.swift; sourceTree = "<group>"; };
		1CA0F7E722A07A6400089583 /* ThirdOnboardingScreen.xib */ = {isa = PBXFileReference; lastKnownFileType = file.xib; path = ThirdOnboardingScreen.xib; sourceTree = "<group>"; };
		1CA0F7E922A07B9A00089583 /* LinksCollectionViewCell.xib */ = {isa = PBXFileReference; lastKnownFileType = file.xib; path = LinksCollectionViewCell.xib; sourceTree = "<group>"; };
		1CA0F7EB22A07D8900089583 /* LinksCollectionViewCell.swift */ = {isa = PBXFileReference; lastKnownFileType = sourcecode.swift; path = LinksCollectionViewCell.swift; sourceTree = "<group>"; };
		1CA0F7ED22A0811600089583 /* ThirdOnboardingScreen+CollectionViewExtension.swift */ = {isa = PBXFileReference; lastKnownFileType = sourcecode.swift; path = "ThirdOnboardingScreen+CollectionViewExtension.swift"; sourceTree = "<group>"; };
		1CA0F7EF22A082CC00089583 /* SecondOnboardingController.swift */ = {isa = PBXFileReference; lastKnownFileType = sourcecode.swift; path = SecondOnboardingController.swift; sourceTree = "<group>"; };
		1CA0F7F122A0BEFC00089583 /* LinksModalView.xib */ = {isa = PBXFileReference; lastKnownFileType = file.xib; path = LinksModalView.xib; sourceTree = "<group>"; };
		1CA0F7F322A0BF0A00089583 /* LinksModalView.swift */ = {isa = PBXFileReference; lastKnownFileType = sourcecode.swift; path = LinksModalView.swift; sourceTree = "<group>"; };
		1CB0349B22F6090F00EFCC65 /* MainCoordinator.swift */ = {isa = PBXFileReference; lastKnownFileType = sourcecode.swift; path = MainCoordinator.swift; sourceTree = "<group>"; };
		1CB0349D22F6091F00EFCC65 /* CoordinatorProtocol.swift */ = {isa = PBXFileReference; lastKnownFileType = sourcecode.swift; path = CoordinatorProtocol.swift; sourceTree = "<group>"; };
		1CB0349F22F6121300EFCC65 /* CreateAccountViewController.swift */ = {isa = PBXFileReference; lastKnownFileType = sourcecode.swift; path = CreateAccountViewController.swift; sourceTree = "<group>"; };
		1CB034A122F6122900EFCC65 /* CreateAccountView.swift */ = {isa = PBXFileReference; lastKnownFileType = sourcecode.swift; path = CreateAccountView.swift; sourceTree = "<group>"; };
		1CB034A522F653D100EFCC65 /* UIFont+Extension.swift */ = {isa = PBXFileReference; lastKnownFileType = sourcecode.swift; path = "UIFont+Extension.swift"; sourceTree = "<group>"; };
		1CB034D322F6572A00EFCC65 /* Poppins-ExtraBoldItalic.ttf */ = {isa = PBXFileReference; lastKnownFileType = file; path = "Poppins-ExtraBoldItalic.ttf"; sourceTree = "<group>"; };
		1CB034D422F6572A00EFCC65 /* Poppins-ExtraLightItalic.ttf */ = {isa = PBXFileReference; lastKnownFileType = file; path = "Poppins-ExtraLightItalic.ttf"; sourceTree = "<group>"; };
		1CB034D522F6572A00EFCC65 /* Poppins-BlackItalic.ttf */ = {isa = PBXFileReference; lastKnownFileType = file; path = "Poppins-BlackItalic.ttf"; sourceTree = "<group>"; };
		1CB034D622F6572A00EFCC65 /* Poppins-ThinItalic.ttf */ = {isa = PBXFileReference; lastKnownFileType = file; path = "Poppins-ThinItalic.ttf"; sourceTree = "<group>"; };
		1CB034D722F6572B00EFCC65 /* Poppins-Light.ttf */ = {isa = PBXFileReference; lastKnownFileType = file; path = "Poppins-Light.ttf"; sourceTree = "<group>"; };
		1CB034D822F6572B00EFCC65 /* Poppins-ExtraLight.ttf */ = {isa = PBXFileReference; lastKnownFileType = file; path = "Poppins-ExtraLight.ttf"; sourceTree = "<group>"; };
		1CB034D922F6572B00EFCC65 /* Poppins-Medium.ttf */ = {isa = PBXFileReference; lastKnownFileType = file; path = "Poppins-Medium.ttf"; sourceTree = "<group>"; };
		1CB034DA22F6572B00EFCC65 /* Poppins-BoldItalic.ttf */ = {isa = PBXFileReference; lastKnownFileType = file; path = "Poppins-BoldItalic.ttf"; sourceTree = "<group>"; };
		1CB034DB22F6572B00EFCC65 /* Poppins-ExtraBold.ttf */ = {isa = PBXFileReference; lastKnownFileType = file; path = "Poppins-ExtraBold.ttf"; sourceTree = "<group>"; };
		1CB034DC22F6572B00EFCC65 /* Poppins-SemiBoldItalic.ttf */ = {isa = PBXFileReference; lastKnownFileType = file; path = "Poppins-SemiBoldItalic.ttf"; sourceTree = "<group>"; };
		1CB034E722F6574200EFCC65 /* Poppins-Black.ttf */ = {isa = PBXFileReference; lastKnownFileType = file; path = "Poppins-Black.ttf"; sourceTree = "<group>"; };
		1CB034E822F6574200EFCC65 /* Poppins-Bold.ttf */ = {isa = PBXFileReference; lastKnownFileType = file; path = "Poppins-Bold.ttf"; sourceTree = "<group>"; };
		1CB034E922F6574200EFCC65 /* Poppins-Regular.ttf */ = {isa = PBXFileReference; lastKnownFileType = file; path = "Poppins-Regular.ttf"; sourceTree = "<group>"; };
		1CB034EA22F6574200EFCC65 /* Poppins-SemiBold.ttf */ = {isa = PBXFileReference; lastKnownFileType = file; path = "Poppins-SemiBold.ttf"; sourceTree = "<group>"; };
		1CB034EC22F6574300EFCC65 /* Poppins-LightItalic.ttf */ = {isa = PBXFileReference; lastKnownFileType = file; path = "Poppins-LightItalic.ttf"; sourceTree = "<group>"; };
		1CB034ED22F6574300EFCC65 /* Poppins-Italic.ttf */ = {isa = PBXFileReference; lastKnownFileType = file; path = "Poppins-Italic.ttf"; sourceTree = "<group>"; };
		1CB034EE22F6574300EFCC65 /* Poppins-Thin.ttf */ = {isa = PBXFileReference; lastKnownFileType = file; path = "Poppins-Thin.ttf"; sourceTree = "<group>"; };
		1CB034EF22F6574300EFCC65 /* Poppins-MediumItalic.ttf */ = {isa = PBXFileReference; lastKnownFileType = file; path = "Poppins-MediumItalic.ttf"; sourceTree = "<group>"; };
		1CB034F922F69A3B00EFCC65 /* TouchableBounceView.swift */ = {isa = PBXFileReference; lastKnownFileType = sourcecode.swift; path = TouchableBounceView.swift; sourceTree = "<group>"; };
		1CCCC19F2267874E0012DA75 /* Granite(Revisited).app */ = {isa = PBXFileReference; explicitFileType = wrapper.application; includeInIndex = 0; path = "Granite(Revisited).app"; sourceTree = BUILT_PRODUCTS_DIR; };
		1CCCC1A22267874E0012DA75 /* AppDelegate.swift */ = {isa = PBXFileReference; lastKnownFileType = sourcecode.swift; path = AppDelegate.swift; sourceTree = "<group>"; };
		1CCCC1A42267874E0012DA75 /* LaunchScreenController.swift */ = {isa = PBXFileReference; lastKnownFileType = sourcecode.swift; path = LaunchScreenController.swift; sourceTree = "<group>"; };
		1CCCC1A72267874E0012DA75 /* Base */ = {isa = PBXFileReference; lastKnownFileType = file.storyboard; name = Base; path = Base.lproj/Main.storyboard; sourceTree = "<group>"; };
		1CCCC1AA2267874E0012DA75 /* Granite_Revisited_.xcdatamodel */ = {isa = PBXFileReference; lastKnownFileType = wrapper.xcdatamodel; path = Granite_Revisited_.xcdatamodel; sourceTree = "<group>"; };
		1CCCC1AC226787500012DA75 /* Assets.xcassets */ = {isa = PBXFileReference; lastKnownFileType = folder.assetcatalog; path = Assets.xcassets; sourceTree = "<group>"; };
		1CCCC1AF226787500012DA75 /* Base */ = {isa = PBXFileReference; lastKnownFileType = file.storyboard; name = Base; path = Base.lproj/LaunchScreen.storyboard; sourceTree = "<group>"; };
		1CCCC1B1226787500012DA75 /* Info.plist */ = {isa = PBXFileReference; lastKnownFileType = text.plist.xml; path = Info.plist; sourceTree = "<group>"; };
		1CCCC1B6226787500012DA75 /* Granite(Revisited)Tests.xctest */ = {isa = PBXFileReference; explicitFileType = wrapper.cfbundle; includeInIndex = 0; path = "Granite(Revisited)Tests.xctest"; sourceTree = BUILT_PRODUCTS_DIR; };
		1CCCC1BA226787500012DA75 /* Granite_Revisited_Tests.swift */ = {isa = PBXFileReference; lastKnownFileType = sourcecode.swift; path = Granite_Revisited_Tests.swift; sourceTree = "<group>"; };
		1CCCC1BC226787500012DA75 /* Info.plist */ = {isa = PBXFileReference; lastKnownFileType = text.plist.xml; path = Info.plist; sourceTree = "<group>"; };
		1CCCC1CF22678A750012DA75 /* launchAnimation.json */ = {isa = PBXFileReference; fileEncoding = 4; lastKnownFileType = text.json; path = launchAnimation.json; sourceTree = "<group>"; };
		1CCCC1D2226797ED0012DA75 /* UIColor+Extension.swift */ = {isa = PBXFileReference; lastKnownFileType = sourcecode.swift; path = "UIColor+Extension.swift"; sourceTree = "<group>"; };
		1CCCC1D42267CD340012DA75 /* LoginView.swift */ = {isa = PBXFileReference; lastKnownFileType = sourcecode.swift; path = LoginView.swift; sourceTree = "<group>"; };
		1CCCC1D62267CD3F0012DA75 /* LoginView.xib */ = {isa = PBXFileReference; lastKnownFileType = file.xib; path = LoginView.xib; sourceTree = "<group>"; };
		1CCCC1D82267CFFE0012DA75 /* LogInViewController.swift */ = {isa = PBXFileReference; lastKnownFileType = sourcecode.swift; path = LogInViewController.swift; sourceTree = "<group>"; };
		1CCCC1DA2267D26D0012DA75 /* LoginViewExtension.swift */ = {isa = PBXFileReference; lastKnownFileType = sourcecode.swift; path = LoginViewExtension.swift; sourceTree = "<group>"; };
		1CCCC1DC2267D7F00012DA75 /* paperPlane.json */ = {isa = PBXFileReference; fileEncoding = 4; lastKnownFileType = text.json; path = paperPlane.json; sourceTree = "<group>"; };
		1CCCC1DE2267D8AC0012DA75 /* lazyNight.json */ = {isa = PBXFileReference; fileEncoding = 4; lastKnownFileType = text.json; path = lazyNight.json; sourceTree = "<group>"; };
		1CFDB43922F9F3A400F9228E /* ThirdOnboardingController.swift */ = {isa = PBXFileReference; lastKnownFileType = sourcecode.swift; path = ThirdOnboardingController.swift; sourceTree = "<group>"; };
		26370F436F68BA75E87CB213 /* Pods-Granite(Revisited)Tests.debug.xcconfig */ = {isa = PBXFileReference; includeInIndex = 1; lastKnownFileType = text.xcconfig; name = "Pods-Granite(Revisited)Tests.debug.xcconfig"; path = "Target Support Files/Pods-Granite(Revisited)Tests/Pods-Granite(Revisited)Tests.debug.xcconfig"; sourceTree = "<group>"; };
		7901E567461C465DB3952FBB /* Pods-Granite(Revisited).debug.xcconfig */ = {isa = PBXFileReference; includeInIndex = 1; lastKnownFileType = text.xcconfig; name = "Pods-Granite(Revisited).debug.xcconfig"; path = "Target Support Files/Pods-Granite(Revisited)/Pods-Granite(Revisited).debug.xcconfig"; sourceTree = "<group>"; };
		93437AD8EB850571D28585C3 /* Pods-Granite(Revisited).release.xcconfig */ = {isa = PBXFileReference; includeInIndex = 1; lastKnownFileType = text.xcconfig; name = "Pods-Granite(Revisited).release.xcconfig"; path = "Target Support Files/Pods-Granite(Revisited)/Pods-Granite(Revisited).release.xcconfig"; sourceTree = "<group>"; };
		BA90B3489A0C4D9EEF06640D /* Pods_Granite_Revisited_.framework */ = {isa = PBXFileReference; explicitFileType = wrapper.framework; includeInIndex = 0; path = Pods_Granite_Revisited_.framework; sourceTree = BUILT_PRODUCTS_DIR; };
		D4CC940F397C9E7EDCAB9175 /* Pods-Granite(Revisited)Tests.release.xcconfig */ = {isa = PBXFileReference; includeInIndex = 1; lastKnownFileType = text.xcconfig; name = "Pods-Granite(Revisited)Tests.release.xcconfig"; path = "Target Support Files/Pods-Granite(Revisited)Tests/Pods-Granite(Revisited)Tests.release.xcconfig"; sourceTree = "<group>"; };
		DBCEA62147E5CE8310AFF610 /* Pods_Granite_Revisited_Tests.framework */ = {isa = PBXFileReference; explicitFileType = wrapper.framework; includeInIndex = 0; path = Pods_Granite_Revisited_Tests.framework; sourceTree = BUILT_PRODUCTS_DIR; };
/* End PBXFileReference section */

/* Begin PBXFrameworksBuildPhase section */
		1CCCC19C2267874E0012DA75 /* Frameworks */ = {
			isa = PBXFrameworksBuildPhase;
			buildActionMask = 2147483647;
			files = (
				3976AD8F7A28E77D632467A6 /* Pods_Granite_Revisited_.framework in Frameworks */,
			);
			runOnlyForDeploymentPostprocessing = 0;
		};
		1CCCC1B3226787500012DA75 /* Frameworks */ = {
			isa = PBXFrameworksBuildPhase;
			buildActionMask = 2147483647;
			files = (
				B8CE4BD28BC36E1E373B29F7 /* Pods_Granite_Revisited_Tests.framework in Frameworks */,
			);
			runOnlyForDeploymentPostprocessing = 0;
		};
/* End PBXFrameworksBuildPhase section */

/* Begin PBXGroup section */
		1C83F424227BCBA300BEA884 /* Service */ = {
			isa = PBXGroup;
			children = (
				1C83F428227BCC2900BEA884 /* EndpointType.swift */,
				1C83F42A227BCC8500BEA884 /* HTTPTask.swift */,
				1C83F42F227BCDE200BEA884 /* NetworkRouter.swift */,
				1C83F431227BCE8100BEA884 /* Router.swift */,
			);
			path = Service;
			sourceTree = "<group>";
		};
		1C83F425227BCBAA00BEA884 /* Encoding */ = {
			isa = PBXGroup;
			children = (
				1C83F433227BCEEB00BEA884 /* JSONParameterEncoder.swift */,
				1C83F435227BCEF400BEA884 /* URLParameterEncoder.swift */,
			);
			path = Encoding;
			sourceTree = "<group>";
		};
		1C83F426227BCBB200BEA884 /* Manager */ = {
			isa = PBXGroup;
			children = (
				1C83F437227BDB0500BEA884 /* NetworkManager.swift */,
			);
			path = Manager;
			sourceTree = "<group>";
		};
		1C83F427227BCBBC00BEA884 /* Endpoint */ = {
			isa = PBXGroup;
			children = (
				1C83F439227BDB2800BEA884 /* UserAccess.swift */,
			);
			path = Endpoint;
			sourceTree = "<group>";
		};
		1C83F42C227BCDB600BEA884 /* Helpers */ = {
			isa = PBXGroup;
			children = (
				1C83F42D227BCDC100BEA884 /* Errors.swift */,
				1C83F43B227BE03100BEA884 /* HTTPMethods.swift */,
				1C83F43D227CD0AD00BEA884 /* PulsatingButton.swift */,
				1C83F4772280C64800BEA884 /* UIView+Layout.swift */,
				1CA0F7E3229F0D1E00089583 /* HelperFunctions.swift */,
				1C45F7B122A83FFC00494FB4 /* Protocols.swift */,
				1CB034F922F69A3B00EFCC65 /* TouchableBounceView.swift */,
			);
			path = Helpers;
			sourceTree = "<group>";
		};
		1CB0349A22F6090000EFCC65 /* Coordinator */ = {
			isa = PBXGroup;
			children = (
				1CB0349B22F6090F00EFCC65 /* MainCoordinator.swift */,
				1CB0349D22F6091F00EFCC65 /* CoordinatorProtocol.swift */,
			);
			path = Coordinator;
			sourceTree = "<group>";
		};
		1CB034CB22F6559800EFCC65 /* Fonts */ = {
			isa = PBXGroup;
			children = (
				1C6FCB2D228A1CBD000BC75A /* PlayfairDisplay-Black.ttf */,
				1CB034D522F6572A00EFCC65 /* Poppins-BlackItalic.ttf */,
				1CB034DA22F6572B00EFCC65 /* Poppins-BoldItalic.ttf */,
				1CB034DB22F6572B00EFCC65 /* Poppins-ExtraBold.ttf */,
				1CB034D322F6572A00EFCC65 /* Poppins-ExtraBoldItalic.ttf */,
				1CB034D822F6572B00EFCC65 /* Poppins-ExtraLight.ttf */,
				1CB034D422F6572A00EFCC65 /* Poppins-ExtraLightItalic.ttf */,
				1CB034D722F6572B00EFCC65 /* Poppins-Light.ttf */,
				1CB034E722F6574200EFCC65 /* Poppins-Black.ttf */,
				1CB034E822F6574200EFCC65 /* Poppins-Bold.ttf */,
				1CB034ED22F6574300EFCC65 /* Poppins-Italic.ttf */,
				1CB034EC22F6574300EFCC65 /* Poppins-LightItalic.ttf */,
				1CB034EF22F6574300EFCC65 /* Poppins-MediumItalic.ttf */,
				1CB034E922F6574200EFCC65 /* Poppins-Regular.ttf */,
				1CB034EA22F6574200EFCC65 /* Poppins-SemiBold.ttf */,
				1CB034EE22F6574300EFCC65 /* Poppins-Thin.ttf */,
				1CB034D922F6572B00EFCC65 /* Poppins-Medium.ttf */,
				1CB034DC22F6572B00EFCC65 /* Poppins-SemiBoldItalic.ttf */,
				1CB034D622F6572A00EFCC65 /* Poppins-ThinItalic.ttf */,
				1C6FCB2E228A1CBD000BC75A /* PlayfairDisplay-BlackItalic.ttf */,
				1C6FCB32228A1CBF000BC75A /* PlayfairDisplay-Bold.ttf */,
				1C6FCB2F228A1CBD000BC75A /* PlayfairDisplay-BoldItalic.ttf */,
				1C6FCB31228A1CBE000BC75A /* PlayfairDisplay-Italic.ttf */,
				1C6FCB30228A1CBD000BC75A /* PlayfairDisplay-Regular.ttf */,
			);
			path = Fonts;
			sourceTree = "<group>";
		};
		1CCCC1962267874E0012DA75 = {
			isa = PBXGroup;
			children = (
				1CB034CB22F6559800EFCC65 /* Fonts */,
				1CCCC1A12267874E0012DA75 /* Granite(Revisited) */,
				1CCCC1B9226787500012DA75 /* Granite(Revisited)Tests */,
				1CCCC1A02267874E0012DA75 /* Products */,
				89FA23448F5FEF4C611ED949 /* Pods */,
				DFDD0D0E6B09E619539A0AF6 /* Frameworks */,
			);
			sourceTree = "<group>";
		};
		1CCCC1A02267874E0012DA75 /* Products */ = {
			isa = PBXGroup;
			children = (
				1CCCC19F2267874E0012DA75 /* Granite(Revisited).app */,
				1CCCC1B6226787500012DA75 /* Granite(Revisited)Tests.xctest */,
			);
			name = Products;
			sourceTree = "<group>";
		};
		1CCCC1A12267874E0012DA75 /* Granite(Revisited) */ = {
			isa = PBXGroup;
			children = (
				1CB0349A22F6090000EFCC65 /* Coordinator */,
				1CCCC1C6226788260012DA75 /* Models */,
				1CCCC1C5226788210012DA75 /* Controllers */,
				1C83F42C227BCDB600BEA884 /* Helpers */,
				1CCCC1D1226797DD0012DA75 /* Extensions */,
				1CCCC1CA226788740012DA75 /* Views */,
				1CCCC1C92267884D0012DA75 /* Assets */,
				1CCCC1C82267883B0012DA75 /* Storyboards */,
				1CCCC1C72267882B0012DA75 /* NetworkingLayer */,
				1CCCC1A22267874E0012DA75 /* AppDelegate.swift */,
				1CCCC1B1226787500012DA75 /* Info.plist */,
				1CCCC1A92267874E0012DA75 /* Granite_Revisited_.xcdatamodeld */,
			);
			path = "Granite(Revisited)";
			sourceTree = "<group>";
		};
		1CCCC1B9226787500012DA75 /* Granite(Revisited)Tests */ = {
			isa = PBXGroup;
			children = (
				1CCCC1BA226787500012DA75 /* Granite_Revisited_Tests.swift */,
				1CCCC1BC226787500012DA75 /* Info.plist */,
			);
			path = "Granite(Revisited)Tests";
			sourceTree = "<group>";
		};
		1CCCC1C5226788210012DA75 /* Controllers */ = {
			isa = PBXGroup;
			children = (
				1CCCC1A42267874E0012DA75 /* LaunchScreenController.swift */,
				1CCCC1D82267CFFE0012DA75 /* LogInViewController.swift */,
				1C1AA4D7227A2D03009802C5 /* DeprecatedOnboardingFlowController.swift */,
				1C6FCB3E228B36D1000BC75A /* FirstOnboardingController.swift */,
				1CA0F7EF22A082CC00089583 /* SecondOnboardingController.swift */,
				1CFDB43922F9F3A400F9228E /* ThirdOnboardingController.swift */,
				1CB0349F22F6121300EFCC65 /* CreateAccountViewController.swift */,
				1C31230522F8701700E4B112 /* OnboardingPageViewController.swift */,
				1C31230722F944ED00E4B112 /* OnboardingViewController.swift */,
			);
			path = Controllers;
			sourceTree = "<group>";
		};
		1CCCC1C6226788260012DA75 /* Models */ = {
			isa = PBXGroup;
			children = (
				1C226185227AB0090072A638 /* User.swift */,
			);
			path = Models;
			sourceTree = "<group>";
		};
		1CCCC1C72267882B0012DA75 /* NetworkingLayer */ = {
			isa = PBXGroup;
			children = (
				1C83F427227BCBBC00BEA884 /* Endpoint */,
				1C83F426227BCBB200BEA884 /* Manager */,
				1C83F425227BCBAA00BEA884 /* Encoding */,
				1C83F424227BCBA300BEA884 /* Service */,
			);
			path = NetworkingLayer;
			sourceTree = "<group>";
		};
		1CCCC1C82267883B0012DA75 /* Storyboards */ = {
			isa = PBXGroup;
			children = (
				1CCCC1AE226787500012DA75 /* LaunchScreen.storyboard */,
				1CCCC1A62267874E0012DA75 /* Main.storyboard */,
			);
			path = Storyboards;
			sourceTree = "<group>";
		};
		1CCCC1C92267884D0012DA75 /* Assets */ = {
			isa = PBXGroup;
			children = (
				1CCCC1AC226787500012DA75 /* Assets.xcassets */,
				1C41139C228D012100CBBCFB /* down-1.png */,
				1C41139E228D03E600CBBCFB /* loading.json */,
				1C41139A228C9F9900CBBCFB /* downArrow.jpg */,
				1C4113A0228D04D500CBBCFB /* success.json */,
				1C1AA4D9227A2EAA009802C5 /* lorem.jpg */,
				1C45F7B322A9977200494FB4 /* progress.json */,
				1CCCC1DC2267D7F00012DA75 /* paperPlane.json */,
				1C4113A2228D0D9F00CBBCFB /* office.json */,
				1C45F7B922AA230F00494FB4 /* lego.json */,
				1CCCC1DE2267D8AC0012DA75 /* lazyNight.json */,
				1CCCC1CF22678A750012DA75 /* launchAnimation.json */,
				1C326A472269AAC300E09F99 /* lock.json */,
			);
			path = Assets;
			sourceTree = "<group>";
		};
		1CCCC1CA226788740012DA75 /* Views */ = {
			isa = PBXGroup;
			children = (
				1CCCC1D42267CD340012DA75 /* LoginView.swift */,
				1CCCC1D62267CD3F0012DA75 /* LoginView.xib */,
				1C6FCB3A228B34DE000BC75A /* FirstOnboardingScreen.xib */,
				1C6FCB3C228B34F5000BC75A /* FirstOnboardingScreen.swift */,
				1CA0F7CB229DF2C700089583 /* SecondOnboardingScreen.xib */,
				1CA0F7CD229DF2D600089583 /* SecondOnboardingScreen.swift */,
				1CA0F7DF229EDA8800089583 /* LanguagesCollectionViewCell.xib */,
				1CA0F7E1229EDB3A00089583 /* LanguagesCollectionViewCell.swift */,
				1CA0F7E522A07A0E00089583 /* ThirdOnboardingScreen.swift */,
				1CA0F7E722A07A6400089583 /* ThirdOnboardingScreen.xib */,
				1CA0F7E922A07B9A00089583 /* LinksCollectionViewCell.xib */,
				1CA0F7EB22A07D8900089583 /* LinksCollectionViewCell.swift */,
				1CA0F7F122A0BEFC00089583 /* LinksModalView.xib */,
				1CA0F7F322A0BF0A00089583 /* LinksModalView.swift */,
				1C21B58A22A36C1000FF9C97 /* LinksModalContainerView.xib */,
				1C21B58C22A36C2A00FF9C97 /* LinksModalContainerView.swift */,
				1C45F7B522AA20ED00494FB4 /* SignUpView.swift */,
				1C45F7B722AA211E00494FB4 /* SignUpView.xib */,
				1CB034A122F6122900EFCC65 /* CreateAccountView.swift */,
			);
			path = Views;
			sourceTree = "<group>";
		};
		1CCCC1D1226797DD0012DA75 /* Extensions */ = {
			isa = PBXGroup;
			children = (
				1CCCC1D2226797ED0012DA75 /* UIColor+Extension.swift */,
				1CCCC1DA2267D26D0012DA75 /* LoginViewExtension.swift */,
				1C75417B2268E6680038D0E1 /* LaunchScreenController+Extension.swift */,
				1C226182227AA8E50072A638 /* DeprecatedOnboardingFlowController+Extension.swift */,
				1CA0F7D7229E110900089583 /* SecondOnboardingScreenCollectionView+Extension.swift */,
				1CA0F7ED22A0811600089583 /* ThirdOnboardingScreen+CollectionViewExtension.swift */,
				1CB034A522F653D100EFCC65 /* UIFont+Extension.swift */,
			);
			path = Extensions;
			sourceTree = "<group>";
		};
		89FA23448F5FEF4C611ED949 /* Pods */ = {
			isa = PBXGroup;
			children = (
				7901E567461C465DB3952FBB /* Pods-Granite(Revisited).debug.xcconfig */,
				93437AD8EB850571D28585C3 /* Pods-Granite(Revisited).release.xcconfig */,
				26370F436F68BA75E87CB213 /* Pods-Granite(Revisited)Tests.debug.xcconfig */,
				D4CC940F397C9E7EDCAB9175 /* Pods-Granite(Revisited)Tests.release.xcconfig */,
			);
			path = Pods;
			sourceTree = "<group>";
		};
		DFDD0D0E6B09E619539A0AF6 /* Frameworks */ = {
			isa = PBXGroup;
			children = (
				BA90B3489A0C4D9EEF06640D /* Pods_Granite_Revisited_.framework */,
				DBCEA62147E5CE8310AFF610 /* Pods_Granite_Revisited_Tests.framework */,
			);
			name = Frameworks;
			sourceTree = "<group>";
		};
/* End PBXGroup section */

/* Begin PBXNativeTarget section */
		1CCCC19E2267874E0012DA75 /* Granite(Revisited) */ = {
			isa = PBXNativeTarget;
			buildConfigurationList = 1CCCC1BF226787500012DA75 /* Build configuration list for PBXNativeTarget "Granite(Revisited)" */;
			buildPhases = (
				0F9A196F6FE86A40374D8458 /* [CP] Check Pods Manifest.lock */,
				1CCCC19B2267874E0012DA75 /* Sources */,
				1CCCC19C2267874E0012DA75 /* Frameworks */,
				1CCCC19D2267874E0012DA75 /* Resources */,
				49C4174530B3BF5E1987D5A3 /* [CP] Embed Pods Frameworks */,
			);
			buildRules = (
			);
			dependencies = (
			);
			name = "Granite(Revisited)";
			productName = "Granite(Revisited)";
			productReference = 1CCCC19F2267874E0012DA75 /* Granite(Revisited).app */;
			productType = "com.apple.product-type.application";
		};
		1CCCC1B5226787500012DA75 /* Granite(Revisited)Tests */ = {
			isa = PBXNativeTarget;
			buildConfigurationList = 1CCCC1C2226787500012DA75 /* Build configuration list for PBXNativeTarget "Granite(Revisited)Tests" */;
			buildPhases = (
				A42C3EEFA78EFAD93506554E /* [CP] Check Pods Manifest.lock */,
				1CCCC1B2226787500012DA75 /* Sources */,
				1CCCC1B3226787500012DA75 /* Frameworks */,
				1CCCC1B4226787500012DA75 /* Resources */,
			);
			buildRules = (
			);
			dependencies = (
				1CCCC1B8226787500012DA75 /* PBXTargetDependency */,
			);
			name = "Granite(Revisited)Tests";
			productName = "Granite(Revisited)Tests";
			productReference = 1CCCC1B6226787500012DA75 /* Granite(Revisited)Tests.xctest */;
			productType = "com.apple.product-type.bundle.unit-test";
		};
/* End PBXNativeTarget section */

/* Begin PBXProject section */
		1CCCC1972267874E0012DA75 /* Project object */ = {
			isa = PBXProject;
			attributes = {
				LastSwiftUpdateCheck = 1020;
				LastUpgradeCheck = 1020;
				ORGANIZATIONNAME = "Matthew Harrilal";
				TargetAttributes = {
					1CCCC19E2267874E0012DA75 = {
						CreatedOnToolsVersion = 10.2;
					};
					1CCCC1B5226787500012DA75 = {
						CreatedOnToolsVersion = 10.2;
						TestTargetID = 1CCCC19E2267874E0012DA75;
					};
				};
			};
			buildConfigurationList = 1CCCC19A2267874E0012DA75 /* Build configuration list for PBXProject "Granite(Revisited)" */;
			compatibilityVersion = "Xcode 9.3";
			developmentRegion = en;
			hasScannedForEncodings = 0;
			knownRegions = (
				en,
				Base,
			);
			mainGroup = 1CCCC1962267874E0012DA75;
			productRefGroup = 1CCCC1A02267874E0012DA75 /* Products */;
			projectDirPath = "";
			projectRoot = "";
			targets = (
				1CCCC19E2267874E0012DA75 /* Granite(Revisited) */,
				1CCCC1B5226787500012DA75 /* Granite(Revisited)Tests */,
			);
		};
/* End PBXProject section */

/* Begin PBXResourcesBuildPhase section */
		1CCCC19D2267874E0012DA75 /* Resources */ = {
			isa = PBXResourcesBuildPhase;
			buildActionMask = 2147483647;
			files = (
				1CB034DD22F6573200EFCC65 /* Poppins-BlackItalic.ttf in Resources */,
				1CB034DE22F6573200EFCC65 /* Poppins-BoldItalic.ttf in Resources */,
				1CB034DF22F6573200EFCC65 /* Poppins-ExtraBold.ttf in Resources */,
				1CB034E022F6573200EFCC65 /* Poppins-ExtraBoldItalic.ttf in Resources */,
				1CB034E122F6573200EFCC65 /* Poppins-ExtraLight.ttf in Resources */,
				1CB034E222F6573200EFCC65 /* Poppins-ExtraLightItalic.ttf in Resources */,
				1CB034E322F6573200EFCC65 /* Poppins-Light.ttf in Resources */,
				1CB034F622F6574300EFCC65 /* Poppins-Italic.ttf in Resources */,
				1CB034E422F6573200EFCC65 /* Poppins-Medium.ttf in Resources */,
				1CB034E522F6573200EFCC65 /* Poppins-SemiBoldItalic.ttf in Resources */,
				1CB034F522F6574300EFCC65 /* Poppins-LightItalic.ttf in Resources */,
				1CB034E622F6573200EFCC65 /* Poppins-ThinItalic.ttf in Resources */,
				1C6FCB33228A1DB5000BC75A /* PlayfairDisplay-Black.ttf in Resources */,
				1C6FCB34228A1DB5000BC75A /* PlayfairDisplay-BlackItalic.ttf in Resources */,
				1C45F7B422A9977200494FB4 /* progress.json in Resources */,
				1CB034F322F6574300EFCC65 /* Poppins-SemiBold.ttf in Resources */,
				1CB034F222F6574300EFCC65 /* Poppins-Regular.ttf in Resources */,
				1C41139D228D012100CBBCFB /* down-1.png in Resources */,
				1C6FCB35228A1DB5000BC75A /* PlayfairDisplay-Bold.ttf in Resources */,
				1C6FCB36228A1DB5000BC75A /* PlayfairDisplay-BoldItalic.ttf in Resources */,
				1C6FCB37228A1DB5000BC75A /* PlayfairDisplay-Italic.ttf in Resources */,
				1CB034F722F6574300EFCC65 /* Poppins-Thin.ttf in Resources */,
				1C6FCB3B228B34DE000BC75A /* FirstOnboardingScreen.xib in Resources */,
				1C45F7BA22AA230F00494FB4 /* lego.json in Resources */,
				1C4113A1228D04D500CBBCFB /* success.json in Resources */,
				1CA0F7EA22A07B9A00089583 /* LinksCollectionViewCell.xib in Resources */,
				1C6FCB38228A1DB5000BC75A /* PlayfairDisplay-Regular.ttf in Resources */,
				1CCCC1B0226787500012DA75 /* LaunchScreen.storyboard in Resources */,
				1C326A482269AAC300E09F99 /* lock.json in Resources */,
				1CA0F7E0229EDA8800089583 /* LanguagesCollectionViewCell.xib in Resources */,
				1C4113A3228D0D9F00CBBCFB /* office.json in Resources */,
				1CA0F7F222A0BEFC00089583 /* LinksModalView.xib in Resources */,
				1CA0F7CC229DF2C700089583 /* SecondOnboardingScreen.xib in Resources */,
				1C41139F228D03E600CBBCFB /* loading.json in Resources */,
				1CB034F022F6574300EFCC65 /* Poppins-Black.ttf in Resources */,
				1CCCC1AD226787500012DA75 /* Assets.xcassets in Resources */,
				1CA0F7E822A07A6400089583 /* ThirdOnboardingScreen.xib in Resources */,
				1CCCC1A82267874E0012DA75 /* Main.storyboard in Resources */,
				1C45F7B822AA211E00494FB4 /* SignUpView.xib in Resources */,
				1C1AA4DA227A2EAA009802C5 /* lorem.jpg in Resources */,
				1C21B58B22A36C1000FF9C97 /* LinksModalContainerView.xib in Resources */,
				1CCCC1D72267CD3F0012DA75 /* LoginView.xib in Resources */,
				1CB034F122F6574300EFCC65 /* Poppins-Bold.ttf in Resources */,
				1C41139B228C9F9900CBBCFB /* downArrow.jpg in Resources */,
				1CCCC1DD2267D7F00012DA75 /* paperPlane.json in Resources */,
				1CCCC1D022678A750012DA75 /* launchAnimation.json in Resources */,
				1CB034F822F6574300EFCC65 /* Poppins-MediumItalic.ttf in Resources */,
				1CCCC1DF2267D8AC0012DA75 /* lazyNight.json in Resources */,
			);
			runOnlyForDeploymentPostprocessing = 0;
		};
		1CCCC1B4226787500012DA75 /* Resources */ = {
			isa = PBXResourcesBuildPhase;
			buildActionMask = 2147483647;
			files = (
			);
			runOnlyForDeploymentPostprocessing = 0;
		};
/* End PBXResourcesBuildPhase section */

/* Begin PBXShellScriptBuildPhase section */
		0F9A196F6FE86A40374D8458 /* [CP] Check Pods Manifest.lock */ = {
			isa = PBXShellScriptBuildPhase;
			buildActionMask = 2147483647;
			files = (
			);
			inputFileListPaths = (
			);
			inputPaths = (
				"${PODS_PODFILE_DIR_PATH}/Podfile.lock",
				"${PODS_ROOT}/Manifest.lock",
			);
			name = "[CP] Check Pods Manifest.lock";
			outputFileListPaths = (
			);
			outputPaths = (
				"$(DERIVED_FILE_DIR)/Pods-Granite(Revisited)-checkManifestLockResult.txt",
			);
			runOnlyForDeploymentPostprocessing = 0;
			shellPath = /bin/sh;
			shellScript = "diff \"${PODS_PODFILE_DIR_PATH}/Podfile.lock\" \"${PODS_ROOT}/Manifest.lock\" > /dev/null\nif [ $? != 0 ] ; then\n    # print error to STDERR\n    echo \"error: The sandbox is not in sync with the Podfile.lock. Run 'pod install' or update your CocoaPods installation.\" >&2\n    exit 1\nfi\n# This output is used by Xcode 'outputs' to avoid re-running this script phase.\necho \"SUCCESS\" > \"${SCRIPT_OUTPUT_FILE_0}\"\n";
			showEnvVarsInLog = 0;
		};
		49C4174530B3BF5E1987D5A3 /* [CP] Embed Pods Frameworks */ = {
			isa = PBXShellScriptBuildPhase;
			buildActionMask = 2147483647;
			files = (
			);
			inputFileListPaths = (
			);
			inputPaths = (
				"${PODS_ROOT}/Target Support Files/Pods-Granite(Revisited)/Pods-Granite(Revisited)-frameworks.sh",
				"${BUILT_PRODUCTS_DIR}/CircleMenu/CircleMenu.framework",
				"${BUILT_PRODUCTS_DIR}/DWAnimatedLabel/DWAnimatedLabel.framework",
				"${BUILT_PRODUCTS_DIR}/Hero/Hero.framework",
				"${BUILT_PRODUCTS_DIR}/SnapKit/SnapKit.framework",
				"${BUILT_PRODUCTS_DIR}/TextFieldEffects/TextFieldEffects.framework",
				"${BUILT_PRODUCTS_DIR}/lottie-ios/Lottie.framework",
				"${BUILT_PRODUCTS_DIR}/paper-onboarding/paper_onboarding.framework",
			);
			name = "[CP] Embed Pods Frameworks";
			outputFileListPaths = (
			);
			outputPaths = (
				"${TARGET_BUILD_DIR}/${FRAMEWORKS_FOLDER_PATH}/CircleMenu.framework",
				"${TARGET_BUILD_DIR}/${FRAMEWORKS_FOLDER_PATH}/DWAnimatedLabel.framework",
				"${TARGET_BUILD_DIR}/${FRAMEWORKS_FOLDER_PATH}/Hero.framework",
				"${TARGET_BUILD_DIR}/${FRAMEWORKS_FOLDER_PATH}/SnapKit.framework",
				"${TARGET_BUILD_DIR}/${FRAMEWORKS_FOLDER_PATH}/TextFieldEffects.framework",
				"${TARGET_BUILD_DIR}/${FRAMEWORKS_FOLDER_PATH}/Lottie.framework",
				"${TARGET_BUILD_DIR}/${FRAMEWORKS_FOLDER_PATH}/paper_onboarding.framework",
			);
			runOnlyForDeploymentPostprocessing = 0;
			shellPath = /bin/sh;
			shellScript = "\"${PODS_ROOT}/Target Support Files/Pods-Granite(Revisited)/Pods-Granite(Revisited)-frameworks.sh\"\n";
			showEnvVarsInLog = 0;
		};
		A42C3EEFA78EFAD93506554E /* [CP] Check Pods Manifest.lock */ = {
			isa = PBXShellScriptBuildPhase;
			buildActionMask = 2147483647;
			files = (
			);
			inputFileListPaths = (
			);
			inputPaths = (
				"${PODS_PODFILE_DIR_PATH}/Podfile.lock",
				"${PODS_ROOT}/Manifest.lock",
			);
			name = "[CP] Check Pods Manifest.lock";
			outputFileListPaths = (
			);
			outputPaths = (
				"$(DERIVED_FILE_DIR)/Pods-Granite(Revisited)Tests-checkManifestLockResult.txt",
			);
			runOnlyForDeploymentPostprocessing = 0;
			shellPath = /bin/sh;
			shellScript = "diff \"${PODS_PODFILE_DIR_PATH}/Podfile.lock\" \"${PODS_ROOT}/Manifest.lock\" > /dev/null\nif [ $? != 0 ] ; then\n    # print error to STDERR\n    echo \"error: The sandbox is not in sync with the Podfile.lock. Run 'pod install' or update your CocoaPods installation.\" >&2\n    exit 1\nfi\n# This output is used by Xcode 'outputs' to avoid re-running this script phase.\necho \"SUCCESS\" > \"${SCRIPT_OUTPUT_FILE_0}\"\n";
			showEnvVarsInLog = 0;
		};
/* End PBXShellScriptBuildPhase section */

/* Begin PBXSourcesBuildPhase section */
		1CCCC19B2267874E0012DA75 /* Sources */ = {
			isa = PBXSourcesBuildPhase;
			buildActionMask = 2147483647;
			files = (
				1CB034A622F653D100EFCC65 /* UIFont+Extension.swift in Sources */,
				1C83F438227BDB0500BEA884 /* NetworkManager.swift in Sources */,
				1C6FCB3D228B34F5000BC75A /* FirstOnboardingScreen.swift in Sources */,
				1C75417C2268E6680038D0E1 /* LaunchScreenController+Extension.swift in Sources */,
				1CB034A022F6121300EFCC65 /* CreateAccountViewController.swift in Sources */,
				1CCCC1A52267874E0012DA75 /* LaunchScreenController.swift in Sources */,
				1C83F430227BCDE200BEA884 /* NetworkRouter.swift in Sources */,
				1CCCC1AB2267874E0012DA75 /* Granite_Revisited_.xcdatamodeld in Sources */,
				1CA0F7F422A0BF0A00089583 /* LinksModalView.swift in Sources */,
				1CA0F7E4229F0D1E00089583 /* HelperFunctions.swift in Sources */,
				1CFDB43A22F9F3A400F9228E /* ThirdOnboardingController.swift in Sources */,
				1CCCC1D92267CFFE0012DA75 /* LogInViewController.swift in Sources */,
				1CCCC1DB2267D26D0012DA75 /* LoginViewExtension.swift in Sources */,
				1CA0F7CE229DF2D600089583 /* SecondOnboardingScreen.swift in Sources */,
				1C21B58D22A36C2A00FF9C97 /* LinksModalContainerView.swift in Sources */,
				1CA0F7D8229E110900089583 /* SecondOnboardingScreenCollectionView+Extension.swift in Sources */,
				1CA0F7EC22A07D8900089583 /* LinksCollectionViewCell.swift in Sources */,
				1C45F7B622AA20ED00494FB4 /* SignUpView.swift in Sources */,
				1C6FCB3F228B36D1000BC75A /* FirstOnboardingController.swift in Sources */,
				1CA0F7E622A07A0E00089583 /* ThirdOnboardingScreen.swift in Sources */,
				1C83F42B227BCC8500BEA884 /* HTTPTask.swift in Sources */,
				1C83F43A227BDB2800BEA884 /* UserAccess.swift in Sources */,
				1C83F43E227CD0AD00BEA884 /* PulsatingButton.swift in Sources */,
				1CB0349E22F6091F00EFCC65 /* CoordinatorProtocol.swift in Sources */,
				1CA0F7F022A082CC00089583 /* SecondOnboardingController.swift in Sources */,
				1C83F42E227BCDC100BEA884 /* Errors.swift in Sources */,
				1C31230822F944ED00E4B112 /* OnboardingViewController.swift in Sources */,
				1C83F436227BCEF400BEA884 /* URLParameterEncoder.swift in Sources */,
				1C83F4782280C64800BEA884 /* UIView+Layout.swift in Sources */,
				1C83F432227BCE8100BEA884 /* Router.swift in Sources */,
				1C226183227AA8E50072A638 /* DeprecatedOnboardingFlowController+Extension.swift in Sources */,
				1C45F7B222A83FFD00494FB4 /* Protocols.swift in Sources */,
				1CCCC1A32267874E0012DA75 /* AppDelegate.swift in Sources */,
				1C1AA4D8227A2D03009802C5 /* DeprecatedOnboardingFlowController.swift in Sources */,
				1C31230622F8701700E4B112 /* OnboardingPageViewController.swift in Sources */,
				1C83F429227BCC2900BEA884 /* EndpointType.swift in Sources */,
				1CA0F7E2229EDB3A00089583 /* LanguagesCollectionViewCell.swift in Sources */,
				1CCCC1D52267CD340012DA75 /* LoginView.swift in Sources */,
				1CB034FA22F69A3B00EFCC65 /* TouchableBounceView.swift in Sources */,
				1CA0F7EE22A0811600089583 /* ThirdOnboardingScreen+CollectionViewExtension.swift in Sources */,
				1CB0349C22F6090F00EFCC65 /* MainCoordinator.swift in Sources */,
				1C83F434227BCEEB00BEA884 /* JSONParameterEncoder.swift in Sources */,
				1CCCC1D3226797ED0012DA75 /* UIColor+Extension.swift in Sources */,
				1CB034A222F6122900EFCC65 /* CreateAccountView.swift in Sources */,
				1C226186227AB0090072A638 /* User.swift in Sources */,
				1C83F43C227BE03100BEA884 /* HTTPMethods.swift in Sources */,
			);
			runOnlyForDeploymentPostprocessing = 0;
		};
		1CCCC1B2226787500012DA75 /* Sources */ = {
			isa = PBXSourcesBuildPhase;
			buildActionMask = 2147483647;
			files = (
				1CCCC1BB226787500012DA75 /* Granite_Revisited_Tests.swift in Sources */,
			);
			runOnlyForDeploymentPostprocessing = 0;
		};
/* End PBXSourcesBuildPhase section */

/* Begin PBXTargetDependency section */
		1CCCC1B8226787500012DA75 /* PBXTargetDependency */ = {
			isa = PBXTargetDependency;
			target = 1CCCC19E2267874E0012DA75 /* Granite(Revisited) */;
			targetProxy = 1CCCC1B7226787500012DA75 /* PBXContainerItemProxy */;
		};
/* End PBXTargetDependency section */

/* Begin PBXVariantGroup section */
		1CCCC1A62267874E0012DA75 /* Main.storyboard */ = {
			isa = PBXVariantGroup;
			children = (
				1CCCC1A72267874E0012DA75 /* Base */,
			);
			name = Main.storyboard;
			sourceTree = "<group>";
		};
		1CCCC1AE226787500012DA75 /* LaunchScreen.storyboard */ = {
			isa = PBXVariantGroup;
			children = (
				1CCCC1AF226787500012DA75 /* Base */,
			);
			name = LaunchScreen.storyboard;
			sourceTree = "<group>";
		};
/* End PBXVariantGroup section */

/* Begin XCBuildConfiguration section */
		1CCCC1BD226787500012DA75 /* Debug */ = {
			isa = XCBuildConfiguration;
			buildSettings = {
				ALWAYS_SEARCH_USER_PATHS = NO;
				CLANG_ANALYZER_NONNULL = YES;
				CLANG_ANALYZER_NUMBER_OBJECT_CONVERSION = YES_AGGRESSIVE;
				CLANG_CXX_LANGUAGE_STANDARD = "gnu++14";
				CLANG_CXX_LIBRARY = "libc++";
				CLANG_ENABLE_MODULES = YES;
				CLANG_ENABLE_OBJC_ARC = YES;
				CLANG_ENABLE_OBJC_WEAK = YES;
				CLANG_WARN_BLOCK_CAPTURE_AUTORELEASING = YES;
				CLANG_WARN_BOOL_CONVERSION = YES;
				CLANG_WARN_COMMA = YES;
				CLANG_WARN_CONSTANT_CONVERSION = YES;
				CLANG_WARN_DEPRECATED_OBJC_IMPLEMENTATIONS = YES;
				CLANG_WARN_DIRECT_OBJC_ISA_USAGE = YES_ERROR;
				CLANG_WARN_DOCUMENTATION_COMMENTS = YES;
				CLANG_WARN_EMPTY_BODY = YES;
				CLANG_WARN_ENUM_CONVERSION = YES;
				CLANG_WARN_INFINITE_RECURSION = YES;
				CLANG_WARN_INT_CONVERSION = YES;
				CLANG_WARN_NON_LITERAL_NULL_CONVERSION = YES;
				CLANG_WARN_OBJC_IMPLICIT_RETAIN_SELF = YES;
				CLANG_WARN_OBJC_LITERAL_CONVERSION = YES;
				CLANG_WARN_OBJC_ROOT_CLASS = YES_ERROR;
				CLANG_WARN_RANGE_LOOP_ANALYSIS = YES;
				CLANG_WARN_STRICT_PROTOTYPES = YES;
				CLANG_WARN_SUSPICIOUS_MOVE = YES;
				CLANG_WARN_UNGUARDED_AVAILABILITY = YES_AGGRESSIVE;
				CLANG_WARN_UNREACHABLE_CODE = YES;
				CLANG_WARN__DUPLICATE_METHOD_MATCH = YES;
				CODE_SIGN_IDENTITY = "iPhone Developer";
				COPY_PHASE_STRIP = NO;
				DEBUG_INFORMATION_FORMAT = dwarf;
				ENABLE_STRICT_OBJC_MSGSEND = YES;
				ENABLE_TESTABILITY = YES;
				GCC_C_LANGUAGE_STANDARD = gnu11;
				GCC_DYNAMIC_NO_PIC = NO;
				GCC_NO_COMMON_BLOCKS = YES;
				GCC_OPTIMIZATION_LEVEL = 0;
				GCC_PREPROCESSOR_DEFINITIONS = (
					"DEBUG=1",
					"$(inherited)",
				);
				GCC_WARN_64_TO_32_BIT_CONVERSION = YES;
				GCC_WARN_ABOUT_RETURN_TYPE = YES_ERROR;
				GCC_WARN_UNDECLARED_SELECTOR = YES;
				GCC_WARN_UNINITIALIZED_AUTOS = YES_AGGRESSIVE;
				GCC_WARN_UNUSED_FUNCTION = YES;
				GCC_WARN_UNUSED_VARIABLE = YES;
				IPHONEOS_DEPLOYMENT_TARGET = 12.2;
				MTL_ENABLE_DEBUG_INFO = INCLUDE_SOURCE;
				MTL_FAST_MATH = YES;
				ONLY_ACTIVE_ARCH = YES;
				SDKROOT = iphoneos;
				SWIFT_ACTIVE_COMPILATION_CONDITIONS = DEBUG;
				SWIFT_OPTIMIZATION_LEVEL = "-Onone";
			};
			name = Debug;
		};
		1CCCC1BE226787500012DA75 /* Release */ = {
			isa = XCBuildConfiguration;
			buildSettings = {
				ALWAYS_SEARCH_USER_PATHS = NO;
				CLANG_ANALYZER_NONNULL = YES;
				CLANG_ANALYZER_NUMBER_OBJECT_CONVERSION = YES_AGGRESSIVE;
				CLANG_CXX_LANGUAGE_STANDARD = "gnu++14";
				CLANG_CXX_LIBRARY = "libc++";
				CLANG_ENABLE_MODULES = YES;
				CLANG_ENABLE_OBJC_ARC = YES;
				CLANG_ENABLE_OBJC_WEAK = YES;
				CLANG_WARN_BLOCK_CAPTURE_AUTORELEASING = YES;
				CLANG_WARN_BOOL_CONVERSION = YES;
				CLANG_WARN_COMMA = YES;
				CLANG_WARN_CONSTANT_CONVERSION = YES;
				CLANG_WARN_DEPRECATED_OBJC_IMPLEMENTATIONS = YES;
				CLANG_WARN_DIRECT_OBJC_ISA_USAGE = YES_ERROR;
				CLANG_WARN_DOCUMENTATION_COMMENTS = YES;
				CLANG_WARN_EMPTY_BODY = YES;
				CLANG_WARN_ENUM_CONVERSION = YES;
				CLANG_WARN_INFINITE_RECURSION = YES;
				CLANG_WARN_INT_CONVERSION = YES;
				CLANG_WARN_NON_LITERAL_NULL_CONVERSION = YES;
				CLANG_WARN_OBJC_IMPLICIT_RETAIN_SELF = YES;
				CLANG_WARN_OBJC_LITERAL_CONVERSION = YES;
				CLANG_WARN_OBJC_ROOT_CLASS = YES_ERROR;
				CLANG_WARN_RANGE_LOOP_ANALYSIS = YES;
				CLANG_WARN_STRICT_PROTOTYPES = YES;
				CLANG_WARN_SUSPICIOUS_MOVE = YES;
				CLANG_WARN_UNGUARDED_AVAILABILITY = YES_AGGRESSIVE;
				CLANG_WARN_UNREACHABLE_CODE = YES;
				CLANG_WARN__DUPLICATE_METHOD_MATCH = YES;
				CODE_SIGN_IDENTITY = "iPhone Developer";
				COPY_PHASE_STRIP = NO;
				DEBUG_INFORMATION_FORMAT = "dwarf-with-dsym";
				ENABLE_NS_ASSERTIONS = NO;
				ENABLE_STRICT_OBJC_MSGSEND = YES;
				GCC_C_LANGUAGE_STANDARD = gnu11;
				GCC_NO_COMMON_BLOCKS = YES;
				GCC_WARN_64_TO_32_BIT_CONVERSION = YES;
				GCC_WARN_ABOUT_RETURN_TYPE = YES_ERROR;
				GCC_WARN_UNDECLARED_SELECTOR = YES;
				GCC_WARN_UNINITIALIZED_AUTOS = YES_AGGRESSIVE;
				GCC_WARN_UNUSED_FUNCTION = YES;
				GCC_WARN_UNUSED_VARIABLE = YES;
				IPHONEOS_DEPLOYMENT_TARGET = 12.2;
				MTL_ENABLE_DEBUG_INFO = NO;
				MTL_FAST_MATH = YES;
				SDKROOT = iphoneos;
				SWIFT_COMPILATION_MODE = wholemodule;
				SWIFT_OPTIMIZATION_LEVEL = "-O";
				VALIDATE_PRODUCT = YES;
			};
			name = Release;
		};
		1CCCC1C0226787500012DA75 /* Debug */ = {
			isa = XCBuildConfiguration;
			baseConfigurationReference = 7901E567461C465DB3952FBB /* Pods-Granite(Revisited).debug.xcconfig */;
			buildSettings = {
				ASSETCATALOG_COMPILER_APPICON_NAME = AppIcon;
				CODE_SIGN_STYLE = Automatic;
				DEVELOPMENT_TEAM = R4WEEFNVWZ;
				INFOPLIST_FILE = "Granite(Revisited)/Info.plist";
				IPHONEOS_DEPLOYMENT_TARGET = 11.4;
				LD_RUNPATH_SEARCH_PATHS = (
					"$(inherited)",
					"@executable_path/Frameworks",
				);
				PRODUCT_BUNDLE_IDENTIFIER = "m.Granite-Revisited-";
				PRODUCT_NAME = "$(TARGET_NAME)";
				SWIFT_VERSION = 5.0;
				TARGETED_DEVICE_FAMILY = "1,2";
			};
			name = Debug;
		};
		1CCCC1C1226787500012DA75 /* Release */ = {
			isa = XCBuildConfiguration;
			baseConfigurationReference = 93437AD8EB850571D28585C3 /* Pods-Granite(Revisited).release.xcconfig */;
			buildSettings = {
				ASSETCATALOG_COMPILER_APPICON_NAME = AppIcon;
				CODE_SIGN_STYLE = Automatic;
				DEVELOPMENT_TEAM = R4WEEFNVWZ;
				INFOPLIST_FILE = "Granite(Revisited)/Info.plist";
				IPHONEOS_DEPLOYMENT_TARGET = 11.4;
				LD_RUNPATH_SEARCH_PATHS = (
					"$(inherited)",
					"@executable_path/Frameworks",
				);
				PRODUCT_BUNDLE_IDENTIFIER = "m.Granite-Revisited-";
				PRODUCT_NAME = "$(TARGET_NAME)";
				SWIFT_VERSION = 5.0;
				TARGETED_DEVICE_FAMILY = "1,2";
			};
			name = Release;
		};
		1CCCC1C3226787500012DA75 /* Debug */ = {
			isa = XCBuildConfiguration;
			baseConfigurationReference = 26370F436F68BA75E87CB213 /* Pods-Granite(Revisited)Tests.debug.xcconfig */;
			buildSettings = {
				ALWAYS_EMBED_SWIFT_STANDARD_LIBRARIES = YES;
				BUNDLE_LOADER = "$(TEST_HOST)";
				CODE_SIGN_STYLE = Automatic;
				DEVELOPMENT_TEAM = R4WEEFNVWZ;
				INFOPLIST_FILE = "Granite(Revisited)Tests/Info.plist";
				LD_RUNPATH_SEARCH_PATHS = (
					"$(inherited)",
					"@executable_path/Frameworks",
					"@loader_path/Frameworks",
				);
				PRODUCT_BUNDLE_IDENTIFIER = "m.Granite-Revisited-Tests";
				PRODUCT_NAME = "$(TARGET_NAME)";
				SWIFT_VERSION = 5.0;
				TARGETED_DEVICE_FAMILY = "1,2";
				TEST_HOST = "$(BUILT_PRODUCTS_DIR)/Granite(Revisited).app/Granite(Revisited)";
			};
			name = Debug;
		};
		1CCCC1C4226787500012DA75 /* Release */ = {
			isa = XCBuildConfiguration;
			baseConfigurationReference = D4CC940F397C9E7EDCAB9175 /* Pods-Granite(Revisited)Tests.release.xcconfig */;
			buildSettings = {
				ALWAYS_EMBED_SWIFT_STANDARD_LIBRARIES = YES;
				BUNDLE_LOADER = "$(TEST_HOST)";
				CODE_SIGN_STYLE = Automatic;
				DEVELOPMENT_TEAM = R4WEEFNVWZ;
				INFOPLIST_FILE = "Granite(Revisited)Tests/Info.plist";
				LD_RUNPATH_SEARCH_PATHS = (
					"$(inherited)",
					"@executable_path/Frameworks",
					"@loader_path/Frameworks",
				);
				PRODUCT_BUNDLE_IDENTIFIER = "m.Granite-Revisited-Tests";
				PRODUCT_NAME = "$(TARGET_NAME)";
				SWIFT_VERSION = 5.0;
				TARGETED_DEVICE_FAMILY = "1,2";
				TEST_HOST = "$(BUILT_PRODUCTS_DIR)/Granite(Revisited).app/Granite(Revisited)";
			};
			name = Release;
		};
/* End XCBuildConfiguration section */

/* Begin XCConfigurationList section */
		1CCCC19A2267874E0012DA75 /* Build configuration list for PBXProject "Granite(Revisited)" */ = {
			isa = XCConfigurationList;
			buildConfigurations = (
				1CCCC1BD226787500012DA75 /* Debug */,
				1CCCC1BE226787500012DA75 /* Release */,
			);
			defaultConfigurationIsVisible = 0;
			defaultConfigurationName = Release;
		};
		1CCCC1BF226787500012DA75 /* Build configuration list for PBXNativeTarget "Granite(Revisited)" */ = {
			isa = XCConfigurationList;
			buildConfigurations = (
				1CCCC1C0226787500012DA75 /* Debug */,
				1CCCC1C1226787500012DA75 /* Release */,
			);
			defaultConfigurationIsVisible = 0;
			defaultConfigurationName = Release;
		};
		1CCCC1C2226787500012DA75 /* Build configuration list for PBXNativeTarget "Granite(Revisited)Tests" */ = {
			isa = XCConfigurationList;
			buildConfigurations = (
				1CCCC1C3226787500012DA75 /* Debug */,
				1CCCC1C4226787500012DA75 /* Release */,
			);
			defaultConfigurationIsVisible = 0;
			defaultConfigurationName = Release;
		};
/* End XCConfigurationList section */

/* Begin XCVersionGroup section */
		1CCCC1A92267874E0012DA75 /* Granite_Revisited_.xcdatamodeld */ = {
			isa = XCVersionGroup;
			children = (
				1CCCC1AA2267874E0012DA75 /* Granite_Revisited_.xcdatamodel */,
			);
			currentVersion = 1CCCC1AA2267874E0012DA75 /* Granite_Revisited_.xcdatamodel */;
			path = Granite_Revisited_.xcdatamodeld;
			sourceTree = "<group>";
			versionGroupType = wrapper.xcdatamodel;
		};
/* End XCVersionGroup section */
	};
	rootObject = 1CCCC1972267874E0012DA75 /* Project object */;
}
